
Microsoft Visual Studio Solution File, Format Version 12.00
# Visual Studio Version 17
VisualStudioVersion = 17.0.31612.314
MinimumVisualStudioVersion = 10.0.40219.1
Project("{FAE04EC0-301F-11D3-BF4B-00C04F79EFBC}") = "LineSample", "LineSample\LineSample.csproj", "{84306131-83C9-4DEC-A8B3-F9438AC9A28C}"
EndProject
Global
	GlobalSection(SolutionConfigurationPlatforms) = preSolution
		Debug|Any CPU = Debug|Any CPU
		Release|Any CPU = Release|Any CPU
	EndGlobalSection
	GlobalSection(ProjectConfigurationPlatforms) = postSolution
		{84306131-83C9-4DEC-A8B3-F9438AC9A28C}.Debug|Any CPU.ActiveCfg = Debug|Any CPU
		{84306131-83C9-4DEC-A8B3-F9438AC9A28C}.Debug|Any CPU.Build.0 = Debug|Any CPU
		{84306131-83C9-4DEC-A8B3-F9438AC9A28C}.Release|Any CPU.ActiveCfg = Release|Any CPU
		{84306131-83C9-4DEC-A8B3-F9438AC9A28C}.Release|Any CPU.Build.0 = Release|Any CPU
	EndGlobalSection
	GlobalSection(SolutionProperties) = preSolution
		HideSolutionNode = FALSE
	EndGlobalSection
	GlobalSection(ExtensibilityGlobals) = postSolution
		SolutionGuid = {40E38B1B-C9B4-4CCB-A175-B7865755CB01}
	EndGlobalSection
EndGlobal
